// !$*UTF8*$!
{
	archiveVersion = 1;
	classes = {
	};
	objectVersion = 56;
	objects = {

/* Begin PBXBuildFile section */
		902B0FAA2918BC1C00D03C0E /* AppDelegate.swift in Sources */ = {isa = PBXBuildFile; fileRef = 902B0FA92918BC1C00D03C0E /* AppDelegate.swift */; };
		902B0FAC2918BC1C00D03C0E /* SceneDelegate.swift in Sources */ = {isa = PBXBuildFile; fileRef = 902B0FAB2918BC1C00D03C0E /* SceneDelegate.swift */; };
		902B0FAE2918BC1C00D03C0E /* ViewController.swift in Sources */ = {isa = PBXBuildFile; fileRef = 902B0FAD2918BC1C00D03C0E /* ViewController.swift */; };
		902B0FB12918BC1C00D03C0E /* Main.storyboard in Resources */ = {isa = PBXBuildFile; fileRef = 902B0FAF2918BC1C00D03C0E /* Main.storyboard */; };
		902B0FB32918BC2000D03C0E /* Assets.xcassets in Resources */ = {isa = PBXBuildFile; fileRef = 902B0FB22918BC2000D03C0E /* Assets.xcassets */; };
		902B0FB62918BC2000D03C0E /* LaunchScreen.storyboard in Resources */ = {isa = PBXBuildFile; fileRef = 902B0FB42918BC2000D03C0E /* LaunchScreen.storyboard */; };
		902B0FBE2918BD0000D03C0E /* .gitignore in Resources */ = {isa = PBXBuildFile; fileRef = 902B0FBD2918BD0000D03C0E /* .gitignore */; };
		902B0FD72918FEBE00D03C0E /* BaseView.swift in Sources */ = {isa = PBXBuildFile; fileRef = 902B0FD62918FEBE00D03C0E /* BaseView.swift */; };
		902B0FD9291915FE00D03C0E /* BaseViewController.swift in Sources */ = {isa = PBXBuildFile; fileRef = 902B0FD8291915FE00D03C0E /* BaseViewController.swift */; };
		902B0FDD29193A0F00D03C0E /* SignInViewController.swift in Sources */ = {isa = PBXBuildFile; fileRef = 902B0FDC29193A0F00D03C0E /* SignInViewController.swift */; };
		902B0FE029193AFC00D03C0E /* SignUpView.swift in Sources */ = {isa = PBXBuildFile; fileRef = 902B0FDF29193AFC00D03C0E /* SignUpView.swift */; };
		902B0FE3291952F700D03C0E /* SnapKit in Frameworks */ = {isa = PBXBuildFile; productRef = 902B0FE2291952F700D03C0E /* SnapKit */; };
		902B0FE5291965BF00D03C0E /* VerificationViewController.swift in Sources */ = {isa = PBXBuildFile; fileRef = 902B0FE4291965BF00D03C0E /* VerificationViewController.swift */; };
		902B0FE7291965DE00D03C0E /* VerifrcationView.swift in Sources */ = {isa = PBXBuildFile; fileRef = 902B0FE6291965DE00D03C0E /* VerifrcationView.swift */; };
		902B0FE92919665500D03C0E /* Enum.swift in Sources */ = {isa = PBXBuildFile; fileRef = 902B0FE82919665500D03C0E /* Enum.swift */; };
		902B0FEB29196E9B00D03C0E /* Color.swift in Sources */ = {isa = PBXBuildFile; fileRef = 902B0FEA29196E9B00D03C0E /* Color.swift */; };
		902B0FED29196EA900D03C0E /* UILabel.swift in Sources */ = {isa = PBXBuildFile; fileRef = 902B0FEC29196EA900D03C0E /* UILabel.swift */; };
		902B0FEF291A15E500D03C0E /* PickerView.swift in Sources */ = {isa = PBXBuildFile; fileRef = 902B0FEE291A15E500D03C0E /* PickerView.swift */; };
		902B0FF5291A41DC00D03C0E /* EmailView.swift in Sources */ = {isa = PBXBuildFile; fileRef = 902B0FF4291A41DC00D03C0E /* EmailView.swift */; };
		902B0FF7291A461600D03C0E /* GenderView.swift in Sources */ = {isa = PBXBuildFile; fileRef = 902B0FF6291A461600D03C0E /* GenderView.swift */; };
		902B0FF9291A507D00D03C0E /* Transition.swift in Sources */ = {isa = PBXBuildFile; fileRef = 902B0FF8291A507D00D03C0E /* Transition.swift */; };
		902B1007291AB76600D03C0E /* NicknameViewController.swift in Sources */ = {isa = PBXBuildFile; fileRef = 902B1006291AB76600D03C0E /* NicknameViewController.swift */; };
		902B1009291AB78B00D03C0E /* BirthDayViewController.swift in Sources */ = {isa = PBXBuildFile; fileRef = 902B1008291AB78B00D03C0E /* BirthDayViewController.swift */; };
		902B100B291AB85D00D03C0E /* EmailViewController.swift in Sources */ = {isa = PBXBuildFile; fileRef = 902B100A291AB85D00D03C0E /* EmailViewController.swift */; };
		902B100D291AB87700D03C0E /* GenderViewController.swift in Sources */ = {isa = PBXBuildFile; fileRef = 902B100C291AB87700D03C0E /* GenderViewController.swift */; };
		902B1010291AE9E300D03C0E /* OnboardingViewController.swift in Sources */ = {isa = PBXBuildFile; fileRef = 902B100F291AE9E300D03C0E /* OnboardingViewController.swift */; };
		902B1014291AEB1100D03C0E /* ViewControllerList.swift in Sources */ = {isa = PBXBuildFile; fileRef = 902B1013291AEB1100D03C0E /* ViewControllerList.swift */; };
		902B1016291B7ABD00D03C0E /* SignInViewModel.swift in Sources */ = {isa = PBXBuildFile; fileRef = 902B1015291B7ABD00D03C0E /* SignInViewModel.swift */; };
		902B101A291C18D000D03C0E /* Alamofire in Frameworks */ = {isa = PBXBuildFile; productRef = 902B1019291C18D000D03C0E /* Alamofire */; };
		902B101C291C1A0000D03C0E /* APIService.swift in Sources */ = {isa = PBXBuildFile; fileRef = 902B101B291C1A0000D03C0E /* APIService.swift */; };
		902B101E291C1A8E00D03C0E /* Endpoint.swift in Sources */ = {isa = PBXBuildFile; fileRef = 902B101D291C1A8E00D03C0E /* Endpoint.swift */; };
		902B1020291C1AF200D03C0E /* Network.swift in Sources */ = {isa = PBXBuildFile; fileRef = 902B101F291C1AF200D03C0E /* Network.swift */; };
		902B102A291C542700D03C0E /* FirebaseAnalyticsWithoutAdIdSupport in Frameworks */ = {isa = PBXBuildFile; productRef = 902B1029291C542700D03C0E /* FirebaseAnalyticsWithoutAdIdSupport */; };
		902B102C291C542700D03C0E /* FirebaseAuth in Frameworks */ = {isa = PBXBuildFile; productRef = 902B102B291C542700D03C0E /* FirebaseAuth */; };
		902B102E291C542700D03C0E /* FirebaseCrashlytics in Frameworks */ = {isa = PBXBuildFile; productRef = 902B102D291C542700D03C0E /* FirebaseCrashlytics */; };
		902B1030291C542700D03C0E /* FirebaseMessaging in Frameworks */ = {isa = PBXBuildFile; productRef = 902B102F291C542700D03C0E /* FirebaseMessaging */; };
		9051720A292E207400DDBC13 /* RxGesture in Frameworks */ = {isa = PBXBuildFile; productRef = 90517209292E207400DDBC13 /* RxGesture */; };
		9051720C292E332900DDBC13 /* BaseScrollView.swift in Sources */ = {isa = PBXBuildFile; fileRef = 9051720B292E332900DDBC13 /* BaseScrollView.swift */; };
		9051724B292F6FC400DDBC13 /* CustomTabBarController.swift in Sources */ = {isa = PBXBuildFile; fileRef = 9051724A292F6FC400DDBC13 /* CustomTabBarController.swift */; };
		9051724E292F70AD00DDBC13 /* ShopViewController.swift in Sources */ = {isa = PBXBuildFile; fileRef = 9051724D292F70AD00DDBC13 /* ShopViewController.swift */; };
		90517251292F711E00DDBC13 /* ChatiViewController.swift in Sources */ = {isa = PBXBuildFile; fileRef = 90517250292F711E00DDBC13 /* ChatiViewController.swift */; };
		90517253292F734B00DDBC13 /* Constants.swift in Sources */ = {isa = PBXBuildFile; fileRef = 90517252292F734B00DDBC13 /* Constants.swift */; };
		90517258292F9ADB00DDBC13 /* BaseCollectionViewCell.swift in Sources */ = {isa = PBXBuildFile; fileRef = 90517257292F9ADB00DDBC13 /* BaseCollectionViewCell.swift */; };
		9051725A292FBFD000DDBC13 /* DynamicCollectionView + Extension.swift in Sources */ = {isa = PBXBuildFile; fileRef = 90517259292FBFD000DDBC13 /* DynamicCollectionView + Extension.swift */; };
		9066125729267A3100320F21 /* SearchCollectionViewCell.swift in Sources */ = {isa = PBXBuildFile; fileRef = 9066125629267A3100320F21 /* SearchCollectionViewCell.swift */; };
		9066125A29275E4A00320F21 /* RxCocoa in Frameworks */ = {isa = PBXBuildFile; productRef = 9066125929275E4A00320F21 /* RxCocoa */; };
		9066125C29275E4A00320F21 /* RxSwift in Frameworks */ = {isa = PBXBuildFile; productRef = 9066125B29275E4A00320F21 /* RxSwift */; };
		9066125F29275ED100320F21 /* RxCoreLocation in Frameworks */ = {isa = PBXBuildFile; productRef = 9066125E29275ED100320F21 /* RxCoreLocation */; };
		9066126229275F4700320F21 /* RxMKMapView in Frameworks */ = {isa = PBXBuildFile; productRef = 9066126129275F4700320F21 /* RxMKMapView */; };
		906612642927608D00320F21 /* HomeMapViewController.swift in Sources */ = {isa = PBXBuildFile; fileRef = 906612632927608D00320F21 /* HomeMapViewController.swift */; };
		906612662927C5E600320F21 /* MapViewModel.swift in Sources */ = {isa = PBXBuildFile; fileRef = 906612652927C5E600320F21 /* MapViewModel.swift */; };
		9066126F2927FCCC00320F21 /* CardViewTableViewCell.swift in Sources */ = {isa = PBXBuildFile; fileRef = 9066126E2927FCCC00320F21 /* CardViewTableViewCell.swift */; };
		906612712927FFBA00320F21 /* CardViewTableViewController.swift in Sources */ = {isa = PBXBuildFile; fileRef = 906612702927FFBA00320F21 /* CardViewTableViewController.swift */; };
		90661273292800D100320F21 /* CardViewCellVer.swift in Sources */ = {isa = PBXBuildFile; fileRef = 90661272292800D100320F21 /* CardViewCellVer.swift */; };
		9066127B2928A27700320F21 /* APIViewModel.swift in Sources */ = {isa = PBXBuildFile; fileRef = 9066127A2928A27700320F21 /* APIViewModel.swift */; };
		9066127D2928BBF800320F21 /* SetMyInfoViewModel.swift in Sources */ = {isa = PBXBuildFile; fileRef = 9066127C2928BBF800320F21 /* SetMyInfoViewModel.swift */; };
		907636E0291FDA1400D289AB /* LaunchScreenViewController.swift in Sources */ = {isa = PBXBuildFile; fileRef = 907636DF291FDA1400D289AB /* LaunchScreenViewController.swift */; };
		907636E2292030C800D289AB /* IconSet.swift in Sources */ = {isa = PBXBuildFile; fileRef = 907636E1292030C800D289AB /* IconSet.swift */; };
		907636E72921747E00D289AB /* DelayModel.swift in Sources */ = {isa = PBXBuildFile; fileRef = 907636E62921747E00D289AB /* DelayModel.swift */; };
		907636E92921783000D289AB /* SetInitialViewController.swift in Sources */ = {isa = PBXBuildFile; fileRef = 907636E82921783000D289AB /* SetInitialViewController.swift */; };
		907C68E12925170500AADECC /* CardViewNickName.swift in Sources */ = {isa = PBXBuildFile; fileRef = 907C68E02925170500AADECC /* CardViewNickName.swift */; };
		907C68E3292517B200AADECC /* CardViewTitleAndReview.swift in Sources */ = {isa = PBXBuildFile; fileRef = 907C68E2292517B200AADECC /* CardViewTitleAndReview.swift */; };
		907C68E5292519B500AADECC /* MypageInfoHeader.swift in Sources */ = {isa = PBXBuildFile; fileRef = 907C68E4292519B500AADECC /* MypageInfoHeader.swift */; };
		907C68E729251B0400AADECC /* CardView.swift in Sources */ = {isa = PBXBuildFile; fileRef = 907C68E629251B0400AADECC /* CardView.swift */; };
		907C68E929251DC400AADECC /* MyPageInfoScrollView.swift in Sources */ = {isa = PBXBuildFile; fileRef = 907C68E829251DC400AADECC /* MyPageInfoScrollView.swift */; };
		907E242A2931B71600401F1A /* SearchHeader.swift in Sources */ = {isa = PBXBuildFile; fileRef = 907E24292931B71600401F1A /* SearchHeader.swift */; };
		9082F8E1292A6CC50085D4BB /* TabManViewcontroller.swift in Sources */ = {isa = PBXBuildFile; fileRef = 9082F8E0292A6CC50085D4BB /* TabManViewcontroller.swift */; };
		9082F8E3292A72200085D4BB /* SearchViewModel.swift in Sources */ = {isa = PBXBuildFile; fileRef = 9082F8E2292A72200085D4BB /* SearchViewModel.swift */; };
		9082F8E6292ACCAD0085D4BB /* RxKeyboard in Frameworks */ = {isa = PBXBuildFile; productRef = 9082F8E5292ACCAD0085D4BB /* RxKeyboard */; };
		9095C4DE291D13730055D1B7 /* GoogleService-Info.plist in Resources */ = {isa = PBXBuildFile; fileRef = 9095C4DD291D13730055D1B7 /* GoogleService-Info.plist */; };
		9095C4E0291D43250055D1B7 /* UserDafaults.swift in Sources */ = {isa = PBXBuildFile; fileRef = 9095C4DF291D43250055D1B7 /* UserDafaults.swift */; };
		9095C4E4291D554C0055D1B7 /* DateFormatter.swift in Sources */ = {isa = PBXBuildFile; fileRef = 9095C4E3291D554C0055D1B7 /* DateFormatter.swift */; };
		9095C4E6291D81770055D1B7 /* PickerViewModel.swift in Sources */ = {isa = PBXBuildFile; fileRef = 9095C4E5291D81770055D1B7 /* PickerViewModel.swift */; };
		90A55C78292418FB0005F56D /* Header.swift in Sources */ = {isa = PBXBuildFile; fileRef = 90A55C77292418FB0005F56D /* Header.swift */; };
		90A55C7A292427030005F56D /* MyPageListTableViewCell.swift in Sources */ = {isa = PBXBuildFile; fileRef = 90A55C79292427030005F56D /* MyPageListTableViewCell.swift */; };
		90A55C7D2924BBF60005F56D /* SeSACTitleStackView.swift in Sources */ = {isa = PBXBuildFile; fileRef = 90A55C7C2924BBF60005F56D /* SeSACTitleStackView.swift */; };
		90A8F309292548BC003083C8 /* CustomMapView.swift in Sources */ = {isa = PBXBuildFile; fileRef = 90A8F308292548BC003083C8 /* CustomMapView.swift */; };
		90A8F30B2925664B003083C8 /* SearchView.swift in Sources */ = {isa = PBXBuildFile; fileRef = 90A8F30A2925664B003083C8 /* SearchView.swift */; };
		90A8F30E29256667003083C8 /* SearchViewController.swift in Sources */ = {isa = PBXBuildFile; fileRef = 90A8F30D29256667003083C8 /* SearchViewController.swift */; };
		90AE5C4D292D1B9C00C3C772 /* TestError.swift in Sources */ = {isa = PBXBuildFile; fileRef = 90AE5C4C292D1B9C00C3C772 /* TestError.swift */; };
		90DA96C7291CE03500B5CA76 /* Toast in Frameworks */ = {isa = PBXBuildFile; productRef = 90DA96C6291CE03500B5CA76 /* Toast */; };
		90FD72622921849900BB0077 /* Error.swift in Sources */ = {isa = PBXBuildFile; fileRef = 90FD72612921849900BB0077 /* Error.swift */; };
		90FD7264292187AF00BB0077 /* CautionModel.swift in Sources */ = {isa = PBXBuildFile; fileRef = 90FD7263292187AF00BB0077 /* CautionModel.swift */; };
		90FD726729218B4A00BB0077 /* FirebaseManager.swift in Sources */ = {isa = PBXBuildFile; fileRef = 90FD726629218B4A00BB0077 /* FirebaseManager.swift */; };
		90FD729A2922714100BB0077 /* MyPageGenderView.swift in Sources */ = {isa = PBXBuildFile; fileRef = 90FD72992922714100BB0077 /* MyPageGenderView.swift */; };
		90FD729C2922718500BB0077 /* SetFrequentStudyView.swift in Sources */ = {isa = PBXBuildFile; fileRef = 90FD729B2922718500BB0077 /* SetFrequentStudyView.swift */; };
		90FD729E2922719500BB0077 /* SwitchView.swift in Sources */ = {isa = PBXBuildFile; fileRef = 90FD729D2922719500BB0077 /* SwitchView.swift */; };
		90FD72A0292271D100BB0077 /* MatchingAgeView.swift in Sources */ = {isa = PBXBuildFile; fileRef = 90FD729F292271D100BB0077 /* MatchingAgeView.swift */; };
		90FD72A22922721700BB0077 /* SignOutView.swift in Sources */ = {isa = PBXBuildFile; fileRef = 90FD72A12922721700BB0077 /* SignOutView.swift */; };
		90FD72A42922722400BB0077 /* BaseTableViewCell.swift in Sources */ = {isa = PBXBuildFile; fileRef = 90FD72A32922722400BB0077 /* BaseTableViewCell.swift */; };
		90FD72A829227AF300BB0077 /* Common.swift in Sources */ = {isa = PBXBuildFile; fileRef = 90FD72A729227AF300BB0077 /* Common.swift */; };
		90FD72AD29227F9500BB0077 /* FixedView.swift in Sources */ = {isa = PBXBuildFile; fileRef = 90FD72AC29227F9500BB0077 /* FixedView.swift */; };
		90FD72BB2922B44600BB0077 /* AgeSlider.swift in Sources */ = {isa = PBXBuildFile; fileRef = 90FD72BA2922B44600BB0077 /* AgeSlider.swift */; };
		90FD72BD2922B78C00BB0077 /* ThumbButton.swift in Sources */ = {isa = PBXBuildFile; fileRef = 90FD72BC2922B78C00BB0077 /* ThumbButton.swift */; };
		90FD72BF2922B7C100BB0077 /* UIButtom.swift in Sources */ = {isa = PBXBuildFile; fileRef = 90FD72BE2922B7C100BB0077 /* UIButtom.swift */; };
		90FD72C22922D95500BB0077 /* UIImage.swift in Sources */ = {isa = PBXBuildFile; fileRef = 90FD72C12922D95500BB0077 /* UIImage.swift */; };
		90FD72C62923488200BB0077 /* SetMyInfoViewController.swift in Sources */ = {isa = PBXBuildFile; fileRef = 90FD72C52923488200BB0077 /* SetMyInfoViewController.swift */; };
		90FD72D62923FFD400BB0077 /* MyPageListViewController.swift in Sources */ = {isa = PBXBuildFile; fileRef = 90FD72D52923FFD400BB0077 /* MyPageListViewController.swift */; };
		90FE3116291EAEFA00C0949E /* NWPathMonitor.swift in Sources */ = {isa = PBXBuildFile; fileRef = 90FE3115291EAEFA00C0949E /* NWPathMonitor.swift */; };
		90FE3118291EB8AF00C0949E /* NoNetWorkView.swift in Sources */ = {isa = PBXBuildFile; fileRef = 90FE3117291EB8AF00C0949E /* NoNetWorkView.swift */; };
		90FE311D291F996500C0949E /* NotoSansKR-Medium.otf in Resources */ = {isa = PBXBuildFile; fileRef = 90FE311B291F996500C0949E /* NotoSansKR-Medium.otf */; };
		90FE311E291F996500C0949E /* NotoSansKR-Regular.otf in Resources */ = {isa = PBXBuildFile; fileRef = 90FE311C291F996500C0949E /* NotoSansKR-Regular.otf */; };
/* End PBXBuildFile section */

/* Begin PBXFileReference section */
		902B0FA62918BC1C00D03C0E /* SeSAC_SLP.app */ = {isa = PBXFileReference; explicitFileType = wrapper.application; includeInIndex = 0; path = SeSAC_SLP.app; sourceTree = BUILT_PRODUCTS_DIR; };
		902B0FA92918BC1C00D03C0E /* AppDelegate.swift */ = {isa = PBXFileReference; lastKnownFileType = sourcecode.swift; path = AppDelegate.swift; sourceTree = "<group>"; };
		902B0FAB2918BC1C00D03C0E /* SceneDelegate.swift */ = {isa = PBXFileReference; lastKnownFileType = sourcecode.swift; path = SceneDelegate.swift; sourceTree = "<group>"; };
		902B0FAD2918BC1C00D03C0E /* ViewController.swift */ = {isa = PBXFileReference; lastKnownFileType = sourcecode.swift; path = ViewController.swift; sourceTree = "<group>"; };
		902B0FB02918BC1C00D03C0E /* Base */ = {isa = PBXFileReference; lastKnownFileType = file.storyboard; name = Base; path = Base.lproj/Main.storyboard; sourceTree = "<group>"; };
		902B0FB22918BC2000D03C0E /* Assets.xcassets */ = {isa = PBXFileReference; lastKnownFileType = folder.assetcatalog; path = Assets.xcassets; sourceTree = "<group>"; };
		902B0FB52918BC2000D03C0E /* Base */ = {isa = PBXFileReference; lastKnownFileType = file.storyboard; name = Base; path = Base.lproj/LaunchScreen.storyboard; sourceTree = "<group>"; };
		902B0FB72918BC2000D03C0E /* Info.plist */ = {isa = PBXFileReference; lastKnownFileType = text.plist.xml; path = Info.plist; sourceTree = "<group>"; };
		902B0FBD2918BD0000D03C0E /* .gitignore */ = {isa = PBXFileReference; lastKnownFileType = text; path = .gitignore; sourceTree = "<group>"; };
		902B0FD62918FEBE00D03C0E /* BaseView.swift */ = {isa = PBXFileReference; lastKnownFileType = sourcecode.swift; path = BaseView.swift; sourceTree = "<group>"; };
		902B0FD8291915FE00D03C0E /* BaseViewController.swift */ = {isa = PBXFileReference; lastKnownFileType = sourcecode.swift; path = BaseViewController.swift; sourceTree = "<group>"; };
		902B0FDC29193A0F00D03C0E /* SignInViewController.swift */ = {isa = PBXFileReference; lastKnownFileType = sourcecode.swift; path = SignInViewController.swift; sourceTree = "<group>"; };
		902B0FDF29193AFC00D03C0E /* SignUpView.swift */ = {isa = PBXFileReference; lastKnownFileType = sourcecode.swift; path = SignUpView.swift; sourceTree = "<group>"; };
		902B0FE4291965BF00D03C0E /* VerificationViewController.swift */ = {isa = PBXFileReference; lastKnownFileType = sourcecode.swift; path = VerificationViewController.swift; sourceTree = "<group>"; };
		902B0FE6291965DE00D03C0E /* VerifrcationView.swift */ = {isa = PBXFileReference; lastKnownFileType = sourcecode.swift; path = VerifrcationView.swift; sourceTree = "<group>"; };
		902B0FE82919665500D03C0E /* Enum.swift */ = {isa = PBXFileReference; lastKnownFileType = sourcecode.swift; path = Enum.swift; sourceTree = "<group>"; };
		902B0FEA29196E9B00D03C0E /* Color.swift */ = {isa = PBXFileReference; lastKnownFileType = sourcecode.swift; path = Color.swift; sourceTree = "<group>"; };
		902B0FEC29196EA900D03C0E /* UILabel.swift */ = {isa = PBXFileReference; lastKnownFileType = sourcecode.swift; path = UILabel.swift; sourceTree = "<group>"; };
		902B0FEE291A15E500D03C0E /* PickerView.swift */ = {isa = PBXFileReference; lastKnownFileType = sourcecode.swift; path = PickerView.swift; sourceTree = "<group>"; };
		902B0FF4291A41DC00D03C0E /* EmailView.swift */ = {isa = PBXFileReference; lastKnownFileType = sourcecode.swift; path = EmailView.swift; sourceTree = "<group>"; };
		902B0FF6291A461600D03C0E /* GenderView.swift */ = {isa = PBXFileReference; lastKnownFileType = sourcecode.swift; path = GenderView.swift; sourceTree = "<group>"; };
		902B0FF8291A507D00D03C0E /* Transition.swift */ = {isa = PBXFileReference; lastKnownFileType = sourcecode.swift; path = Transition.swift; sourceTree = "<group>"; };
		902B1006291AB76600D03C0E /* NicknameViewController.swift */ = {isa = PBXFileReference; lastKnownFileType = sourcecode.swift; path = NicknameViewController.swift; sourceTree = "<group>"; };
		902B1008291AB78B00D03C0E /* BirthDayViewController.swift */ = {isa = PBXFileReference; lastKnownFileType = sourcecode.swift; path = BirthDayViewController.swift; sourceTree = "<group>"; };
		902B100A291AB85D00D03C0E /* EmailViewController.swift */ = {isa = PBXFileReference; lastKnownFileType = sourcecode.swift; path = EmailViewController.swift; sourceTree = "<group>"; };
		902B100C291AB87700D03C0E /* GenderViewController.swift */ = {isa = PBXFileReference; lastKnownFileType = sourcecode.swift; path = GenderViewController.swift; sourceTree = "<group>"; };
		902B100F291AE9E300D03C0E /* OnboardingViewController.swift */ = {isa = PBXFileReference; lastKnownFileType = sourcecode.swift; path = OnboardingViewController.swift; sourceTree = "<group>"; };
		902B1013291AEB1100D03C0E /* ViewControllerList.swift */ = {isa = PBXFileReference; lastKnownFileType = sourcecode.swift; path = ViewControllerList.swift; sourceTree = "<group>"; };
		902B1015291B7ABD00D03C0E /* SignInViewModel.swift */ = {isa = PBXFileReference; lastKnownFileType = sourcecode.swift; path = SignInViewModel.swift; sourceTree = "<group>"; };
		902B1017291BA1FD00D03C0E /* SeSAC_SLP.entitlements */ = {isa = PBXFileReference; lastKnownFileType = text.plist.entitlements; path = SeSAC_SLP.entitlements; sourceTree = "<group>"; };
		902B101B291C1A0000D03C0E /* APIService.swift */ = {isa = PBXFileReference; lastKnownFileType = sourcecode.swift; path = APIService.swift; sourceTree = "<group>"; };
		902B101D291C1A8E00D03C0E /* Endpoint.swift */ = {isa = PBXFileReference; lastKnownFileType = sourcecode.swift; path = Endpoint.swift; sourceTree = "<group>"; };
		902B101F291C1AF200D03C0E /* Network.swift */ = {isa = PBXFileReference; lastKnownFileType = sourcecode.swift; path = Network.swift; sourceTree = "<group>"; };
		9051720B292E332900DDBC13 /* BaseScrollView.swift */ = {isa = PBXFileReference; lastKnownFileType = sourcecode.swift; path = BaseScrollView.swift; sourceTree = "<group>"; };
		9051724A292F6FC400DDBC13 /* CustomTabBarController.swift */ = {isa = PBXFileReference; lastKnownFileType = sourcecode.swift; path = CustomTabBarController.swift; sourceTree = "<group>"; };
		9051724D292F70AD00DDBC13 /* ShopViewController.swift */ = {isa = PBXFileReference; lastKnownFileType = sourcecode.swift; path = ShopViewController.swift; sourceTree = "<group>"; };
		90517250292F711E00DDBC13 /* ChatiViewController.swift */ = {isa = PBXFileReference; lastKnownFileType = sourcecode.swift; path = ChatiViewController.swift; sourceTree = "<group>"; };
		90517252292F734B00DDBC13 /* Constants.swift */ = {isa = PBXFileReference; lastKnownFileType = sourcecode.swift; path = Constants.swift; sourceTree = "<group>"; };
		90517257292F9ADB00DDBC13 /* BaseCollectionViewCell.swift */ = {isa = PBXFileReference; lastKnownFileType = sourcecode.swift; path = BaseCollectionViewCell.swift; sourceTree = "<group>"; };
		90517259292FBFD000DDBC13 /* DynamicCollectionView + Extension.swift */ = {isa = PBXFileReference; lastKnownFileType = sourcecode.swift; path = "DynamicCollectionView + Extension.swift"; sourceTree = "<group>"; };
		9066125629267A3100320F21 /* SearchCollectionViewCell.swift */ = {isa = PBXFileReference; lastKnownFileType = sourcecode.swift; path = SearchCollectionViewCell.swift; sourceTree = "<group>"; };
		906612632927608D00320F21 /* HomeMapViewController.swift */ = {isa = PBXFileReference; lastKnownFileType = sourcecode.swift; path = HomeMapViewController.swift; sourceTree = "<group>"; };
		906612652927C5E600320F21 /* MapViewModel.swift */ = {isa = PBXFileReference; lastKnownFileType = sourcecode.swift; path = MapViewModel.swift; sourceTree = "<group>"; };
		9066126E2927FCCC00320F21 /* CardViewTableViewCell.swift */ = {isa = PBXFileReference; lastKnownFileType = sourcecode.swift; path = CardViewTableViewCell.swift; sourceTree = "<group>"; };
		906612702927FFBA00320F21 /* CardViewTableViewController.swift */ = {isa = PBXFileReference; lastKnownFileType = sourcecode.swift; path = CardViewTableViewController.swift; sourceTree = "<group>"; };
		90661272292800D100320F21 /* CardViewCellVer.swift */ = {isa = PBXFileReference; lastKnownFileType = sourcecode.swift; path = CardViewCellVer.swift; sourceTree = "<group>"; };
		9066127A2928A27700320F21 /* APIViewModel.swift */ = {isa = PBXFileReference; lastKnownFileType = sourcecode.swift; path = APIViewModel.swift; sourceTree = "<group>"; };
		9066127C2928BBF800320F21 /* SetMyInfoViewModel.swift */ = {isa = PBXFileReference; lastKnownFileType = sourcecode.swift; path = SetMyInfoViewModel.swift; sourceTree = "<group>"; };
		907636DF291FDA1400D289AB /* LaunchScreenViewController.swift */ = {isa = PBXFileReference; lastKnownFileType = sourcecode.swift; path = LaunchScreenViewController.swift; sourceTree = "<group>"; };
		907636E1292030C800D289AB /* IconSet.swift */ = {isa = PBXFileReference; lastKnownFileType = sourcecode.swift; path = IconSet.swift; sourceTree = "<group>"; };
		907636E62921747E00D289AB /* DelayModel.swift */ = {isa = PBXFileReference; lastKnownFileType = sourcecode.swift; path = DelayModel.swift; sourceTree = "<group>"; };
		907636E82921783000D289AB /* SetInitialViewController.swift */ = {isa = PBXFileReference; lastKnownFileType = sourcecode.swift; path = SetInitialViewController.swift; sourceTree = "<group>"; };
		907C68E02925170500AADECC /* CardViewNickName.swift */ = {isa = PBXFileReference; lastKnownFileType = sourcecode.swift; path = CardViewNickName.swift; sourceTree = "<group>"; };
		907C68E2292517B200AADECC /* CardViewTitleAndReview.swift */ = {isa = PBXFileReference; lastKnownFileType = sourcecode.swift; path = CardViewTitleAndReview.swift; sourceTree = "<group>"; };
		907C68E4292519B500AADECC /* MypageInfoHeader.swift */ = {isa = PBXFileReference; lastKnownFileType = sourcecode.swift; path = MypageInfoHeader.swift; sourceTree = "<group>"; };
		907C68E629251B0400AADECC /* CardView.swift */ = {isa = PBXFileReference; lastKnownFileType = sourcecode.swift; path = CardView.swift; sourceTree = "<group>"; };
		907C68E829251DC400AADECC /* MyPageInfoScrollView.swift */ = {isa = PBXFileReference; lastKnownFileType = sourcecode.swift; path = MyPageInfoScrollView.swift; sourceTree = "<group>"; };
		907E24292931B71600401F1A /* SearchHeader.swift */ = {isa = PBXFileReference; lastKnownFileType = sourcecode.swift; path = SearchHeader.swift; sourceTree = "<group>"; };
		9082F8E0292A6CC50085D4BB /* TabManViewcontroller.swift */ = {isa = PBXFileReference; lastKnownFileType = sourcecode.swift; path = TabManViewcontroller.swift; sourceTree = "<group>"; };
		9082F8E2292A72200085D4BB /* SearchViewModel.swift */ = {isa = PBXFileReference; lastKnownFileType = sourcecode.swift; path = SearchViewModel.swift; sourceTree = "<group>"; };
		9095C4DD291D13730055D1B7 /* GoogleService-Info.plist */ = {isa = PBXFileReference; fileEncoding = 4; lastKnownFileType = text.plist.xml; path = "GoogleService-Info.plist"; sourceTree = "<group>"; };
		9095C4DF291D43250055D1B7 /* UserDafaults.swift */ = {isa = PBXFileReference; lastKnownFileType = sourcecode.swift; path = UserDafaults.swift; sourceTree = "<group>"; };
		9095C4E3291D554C0055D1B7 /* DateFormatter.swift */ = {isa = PBXFileReference; lastKnownFileType = sourcecode.swift; path = DateFormatter.swift; sourceTree = "<group>"; };
		9095C4E5291D81770055D1B7 /* PickerViewModel.swift */ = {isa = PBXFileReference; lastKnownFileType = sourcecode.swift; path = PickerViewModel.swift; sourceTree = "<group>"; };
		90A55C77292418FB0005F56D /* Header.swift */ = {isa = PBXFileReference; lastKnownFileType = sourcecode.swift; path = Header.swift; sourceTree = "<group>"; };
		90A55C79292427030005F56D /* MyPageListTableViewCell.swift */ = {isa = PBXFileReference; lastKnownFileType = sourcecode.swift; path = MyPageListTableViewCell.swift; sourceTree = "<group>"; };
		90A55C7C2924BBF60005F56D /* SeSACTitleStackView.swift */ = {isa = PBXFileReference; lastKnownFileType = sourcecode.swift; path = SeSACTitleStackView.swift; sourceTree = "<group>"; };
		90A8F308292548BC003083C8 /* CustomMapView.swift */ = {isa = PBXFileReference; lastKnownFileType = sourcecode.swift; path = CustomMapView.swift; sourceTree = "<group>"; };
		90A8F30A2925664B003083C8 /* SearchView.swift */ = {isa = PBXFileReference; lastKnownFileType = sourcecode.swift; path = SearchView.swift; sourceTree = "<group>"; };
		90A8F30D29256667003083C8 /* SearchViewController.swift */ = {isa = PBXFileReference; lastKnownFileType = sourcecode.swift; path = SearchViewController.swift; sourceTree = "<group>"; };
		90AE5C4C292D1B9C00C3C772 /* TestError.swift */ = {isa = PBXFileReference; lastKnownFileType = sourcecode.swift; path = TestError.swift; sourceTree = "<group>"; };
		90FD72612921849900BB0077 /* Error.swift */ = {isa = PBXFileReference; lastKnownFileType = sourcecode.swift; path = Error.swift; sourceTree = "<group>"; };
		90FD7263292187AF00BB0077 /* CautionModel.swift */ = {isa = PBXFileReference; lastKnownFileType = sourcecode.swift; path = CautionModel.swift; sourceTree = "<group>"; };
		90FD726629218B4A00BB0077 /* FirebaseManager.swift */ = {isa = PBXFileReference; lastKnownFileType = sourcecode.swift; path = FirebaseManager.swift; sourceTree = "<group>"; };
		90FD72992922714100BB0077 /* MyPageGenderView.swift */ = {isa = PBXFileReference; lastKnownFileType = sourcecode.swift; path = MyPageGenderView.swift; sourceTree = "<group>"; };
		90FD729B2922718500BB0077 /* SetFrequentStudyView.swift */ = {isa = PBXFileReference; lastKnownFileType = sourcecode.swift; path = SetFrequentStudyView.swift; sourceTree = "<group>"; };
		90FD729D2922719500BB0077 /* SwitchView.swift */ = {isa = PBXFileReference; lastKnownFileType = sourcecode.swift; path = SwitchView.swift; sourceTree = "<group>"; };
		90FD729F292271D100BB0077 /* MatchingAgeView.swift */ = {isa = PBXFileReference; lastKnownFileType = sourcecode.swift; path = MatchingAgeView.swift; sourceTree = "<group>"; };
		90FD72A12922721700BB0077 /* SignOutView.swift */ = {isa = PBXFileReference; lastKnownFileType = sourcecode.swift; path = SignOutView.swift; sourceTree = "<group>"; };
		90FD72A32922722400BB0077 /* BaseTableViewCell.swift */ = {isa = PBXFileReference; lastKnownFileType = sourcecode.swift; path = BaseTableViewCell.swift; sourceTree = "<group>"; };
		90FD72A729227AF300BB0077 /* Common.swift */ = {isa = PBXFileReference; lastKnownFileType = sourcecode.swift; path = Common.swift; sourceTree = "<group>"; };
		90FD72AC29227F9500BB0077 /* FixedView.swift */ = {isa = PBXFileReference; lastKnownFileType = sourcecode.swift; path = FixedView.swift; sourceTree = "<group>"; };
		90FD72BA2922B44600BB0077 /* AgeSlider.swift */ = {isa = PBXFileReference; lastKnownFileType = sourcecode.swift; path = AgeSlider.swift; sourceTree = "<group>"; };
		90FD72BC2922B78C00BB0077 /* ThumbButton.swift */ = {isa = PBXFileReference; lastKnownFileType = sourcecode.swift; path = ThumbButton.swift; sourceTree = "<group>"; };
		90FD72BE2922B7C100BB0077 /* UIButtom.swift */ = {isa = PBXFileReference; lastKnownFileType = sourcecode.swift; path = UIButtom.swift; sourceTree = "<group>"; };
		90FD72C12922D95500BB0077 /* UIImage.swift */ = {isa = PBXFileReference; lastKnownFileType = sourcecode.swift; path = UIImage.swift; sourceTree = "<group>"; };
		90FD72C52923488200BB0077 /* SetMyInfoViewController.swift */ = {isa = PBXFileReference; lastKnownFileType = sourcecode.swift; path = SetMyInfoViewController.swift; sourceTree = "<group>"; };
		90FD72D52923FFD400BB0077 /* MyPageListViewController.swift */ = {isa = PBXFileReference; lastKnownFileType = sourcecode.swift; path = MyPageListViewController.swift; sourceTree = "<group>"; };
		90FE3115291EAEFA00C0949E /* NWPathMonitor.swift */ = {isa = PBXFileReference; lastKnownFileType = sourcecode.swift; path = NWPathMonitor.swift; sourceTree = "<group>"; };
		90FE3117291EB8AF00C0949E /* NoNetWorkView.swift */ = {isa = PBXFileReference; lastKnownFileType = sourcecode.swift; path = NoNetWorkView.swift; sourceTree = "<group>"; };
		90FE311B291F996500C0949E /* NotoSansKR-Medium.otf */ = {isa = PBXFileReference; lastKnownFileType = file; path = "NotoSansKR-Medium.otf"; sourceTree = "<group>"; };
		90FE311C291F996500C0949E /* NotoSansKR-Regular.otf */ = {isa = PBXFileReference; lastKnownFileType = file; path = "NotoSansKR-Regular.otf"; sourceTree = "<group>"; };
/* End PBXFileReference section */

/* Begin PBXFrameworksBuildPhase section */
		902B0FA32918BC1C00D03C0E /* Frameworks */ = {
			isa = PBXFrameworksBuildPhase;
			buildActionMask = 2147483647;
			files = (
				9066125C29275E4A00320F21 /* RxSwift in Frameworks */,
				9051720A292E207400DDBC13 /* RxGesture in Frameworks */,
				9082F8E6292ACCAD0085D4BB /* RxKeyboard in Frameworks */,
				902B1030291C542700D03C0E /* FirebaseMessaging in Frameworks */,
				9066125F29275ED100320F21 /* RxCoreLocation in Frameworks */,
				902B102C291C542700D03C0E /* FirebaseAuth in Frameworks */,
				90DA96C7291CE03500B5CA76 /* Toast in Frameworks */,
				902B102A291C542700D03C0E /* FirebaseAnalyticsWithoutAdIdSupport in Frameworks */,
				902B102E291C542700D03C0E /* FirebaseCrashlytics in Frameworks */,
				902B101A291C18D000D03C0E /* Alamofire in Frameworks */,
				9066125A29275E4A00320F21 /* RxCocoa in Frameworks */,
				9066126229275F4700320F21 /* RxMKMapView in Frameworks */,
				902B0FE3291952F700D03C0E /* SnapKit in Frameworks */,
			);
			runOnlyForDeploymentPostprocessing = 0;
		};
/* End PBXFrameworksBuildPhase section */

/* Begin PBXGroup section */
		902B0F9D2918BC1C00D03C0E = {
			isa = PBXGroup;
			children = (
				902B0FBD2918BD0000D03C0E /* .gitignore */,
				902B0FA82918BC1C00D03C0E /* SeSAC_SLP */,
				902B0FA72918BC1C00D03C0E /* Products */,
			);
			sourceTree = "<group>";
		};
		902B0FA72918BC1C00D03C0E /* Products */ = {
			isa = PBXGroup;
			children = (
				902B0FA62918BC1C00D03C0E /* SeSAC_SLP.app */,
			);
			name = Products;
			sourceTree = "<group>";
		};
		902B0FA82918BC1C00D03C0E /* SeSAC_SLP */ = {
			isa = PBXGroup;
			children = (
				90FE311A291F995400C0949E /* Font */,
				902B1017291BA1FD00D03C0E /* SeSAC_SLP.entitlements */,
				902B0FD42918FE6B00D03C0E /* Scene */,
				902B0FD22918FE4100D03C0E /* Network */,
				902B0FD12918FDEB00D03C0E /* Constant */,
				902B0FA92918BC1C00D03C0E /* AppDelegate.swift */,
				9095C4DD291D13730055D1B7 /* GoogleService-Info.plist */,
				902B0FAB2918BC1C00D03C0E /* SceneDelegate.swift */,
				902B0FAD2918BC1C00D03C0E /* ViewController.swift */,
				902B0FAF2918BC1C00D03C0E /* Main.storyboard */,
				902B0FB22918BC2000D03C0E /* Assets.xcassets */,
				902B0FB42918BC2000D03C0E /* LaunchScreen.storyboard */,
				902B0FB72918BC2000D03C0E /* Info.plist */,
			);
			path = SeSAC_SLP;
			sourceTree = "<group>";
		};
		902B0FD12918FDEB00D03C0E /* Constant */ = {
			isa = PBXGroup;
			children = (
				902B0FE82919665500D03C0E /* Enum.swift */,
				902B0FEA29196E9B00D03C0E /* Color.swift */,
				902B0FEC29196EA900D03C0E /* UILabel.swift */,
				902B0FF8291A507D00D03C0E /* Transition.swift */,
				9095C4DF291D43250055D1B7 /* UserDafaults.swift */,
				9095C4E3291D554C0055D1B7 /* DateFormatter.swift */,
				907636E1292030C800D289AB /* IconSet.swift */,
				907636E62921747E00D289AB /* DelayModel.swift */,
				907636E82921783000D289AB /* SetInitialViewController.swift */,
				90FD7263292187AF00BB0077 /* CautionModel.swift */,
				90FD72C12922D95500BB0077 /* UIImage.swift */,
			);
			path = Constant;
			sourceTree = "<group>";
		};
		902B0FD22918FE4100D03C0E /* Network */ = {
			isa = PBXGroup;
			children = (
				90FD726529218AEE00BB0077 /* Manager */,
				902B101B291C1A0000D03C0E /* APIService.swift */,
				902B101D291C1A8E00D03C0E /* Endpoint.swift */,
				902B101F291C1AF200D03C0E /* Network.swift */,
				90FE3115291EAEFA00C0949E /* NWPathMonitor.swift */,
				90FE3117291EB8AF00C0949E /* NoNetWorkView.swift */,
				90FD72612921849900BB0077 /* Error.swift */,
				90AE5C4C292D1B9C00C3C772 /* TestError.swift */,
			);
			path = Network;
			sourceTree = "<group>";
		};
		902B0FD42918FE6B00D03C0E /* Scene */ = {
			isa = PBXGroup;
			children = (
				90517249292F6EBB00DDBC13 /* TabBarScenes */,
				902B100E291AE93500D03C0E /* Onboarding */,
				902B1002291AB69C00D03C0E /* SignIn */,
				902B0FD52918FE7400D03C0E /* Base */,
			);
			path = Scene;
			sourceTree = "<group>";
		};
		902B0FD52918FE7400D03C0E /* Base */ = {
			isa = PBXGroup;
			children = (
				902B0FD62918FEBE00D03C0E /* BaseView.swift */,
				902B0FD8291915FE00D03C0E /* BaseViewController.swift */,
				90FD72A32922722400BB0077 /* BaseTableViewCell.swift */,
				9051720B292E332900DDBC13 /* BaseScrollView.swift */,
				90517257292F9ADB00DDBC13 /* BaseCollectionViewCell.swift */,
			);
			path = Base;
			sourceTree = "<group>";
		};
		902B0FDE29193AE600D03C0E /* ViewController */ = {
			isa = PBXGroup;
			children = (
				902B0FDC29193A0F00D03C0E /* SignInViewController.swift */,
				902B0FE4291965BF00D03C0E /* VerificationViewController.swift */,
				902B1006291AB76600D03C0E /* NicknameViewController.swift */,
				902B1008291AB78B00D03C0E /* BirthDayViewController.swift */,
				902B100A291AB85D00D03C0E /* EmailViewController.swift */,
				902B100C291AB87700D03C0E /* GenderViewController.swift */,
			);
			path = ViewController;
			sourceTree = "<group>";
		};
		902B1001291AB65300D03C0E /* View */ = {
			isa = PBXGroup;
			children = (
				902B0FE6291965DE00D03C0E /* VerifrcationView.swift */,
				902B0FDF29193AFC00D03C0E /* SignUpView.swift */,
				902B0FEE291A15E500D03C0E /* PickerView.swift */,
				902B0FF4291A41DC00D03C0E /* EmailView.swift */,
				902B0FF6291A461600D03C0E /* GenderView.swift */,
			);
			path = View;
			sourceTree = "<group>";
		};
		902B1002291AB69C00D03C0E /* SignIn */ = {
			isa = PBXGroup;
			children = (
				90FD72682922444800BB0077 /* Common */,
				90FE3114291EA8D400C0949E /* ViewModel */,
				902B0FDE29193AE600D03C0E /* ViewController */,
				902B1001291AB65300D03C0E /* View */,
			);
			path = SignIn;
			sourceTree = "<group>";
		};
		902B100E291AE93500D03C0E /* Onboarding */ = {
			isa = PBXGroup;
			children = (
				902B100F291AE9E300D03C0E /* OnboardingViewController.swift */,
				902B1013291AEB1100D03C0E /* ViewControllerList.swift */,
				907636DF291FDA1400D289AB /* LaunchScreenViewController.swift */,
			);
			path = Onboarding;
			sourceTree = "<group>";
		};
		90517249292F6EBB00DDBC13 /* TabBarScenes */ = {
			isa = PBXGroup;
			children = (
				9051724A292F6FC400DDBC13 /* CustomTabBarController.swift */,
				90517252292F734B00DDBC13 /* Constants.swift */,
				90FD72D42923FE7C00BB0077 /* MyPageFirst */,
				9051724F292F710C00DDBC13 /* Chat */,
				9051724C292F709B00DDBC13 /* Shop */,
				9066126C2927FA4D00320F21 /* MypageSecond */,
				907636E329203F9100D289AB /* Home */,
			);
			path = TabBarScenes;
			sourceTree = "<group>";
		};
		9051724C292F709B00DDBC13 /* Shop */ = {
			isa = PBXGroup;
			children = (
				9051724D292F70AD00DDBC13 /* ShopViewController.swift */,
			);
			path = Shop;
			sourceTree = "<group>";
		};
		9051724F292F710C00DDBC13 /* Chat */ = {
			isa = PBXGroup;
			children = (
				90517250292F711E00DDBC13 /* ChatiViewController.swift */,
			);
			path = Chat;
			sourceTree = "<group>";
		};
		9066126C2927FA4D00320F21 /* MypageSecond */ = {
			isa = PBXGroup;
			children = (
				9066126D2927FAD900320F21 /* CardView.ver_TableView */,
				90FD72A929227E7400BB0077 /* Fix */,
				90FD72C02922C37C00BB0077 /* Slider */,
				90FD72B729228AF300BB0077 /* Common */,
				90FD72952922703C00BB0077 /* MyPageInfo */,
			);
			path = MypageSecond;
			sourceTree = "<group>";
		};
		9066126D2927FAD900320F21 /* CardView.ver_TableView */ = {
			isa = PBXGroup;
			children = (
				9066126E2927FCCC00320F21 /* CardViewTableViewCell.swift */,
				906612702927FFBA00320F21 /* CardViewTableViewController.swift */,
				90661272292800D100320F21 /* CardViewCellVer.swift */,
			);
			path = CardView.ver_TableView;
			sourceTree = "<group>";
		};
		906612742928985B00320F21 /* View */ = {
			isa = PBXGroup;
			children = (
				907C68E629251B0400AADECC /* CardView.swift */,
				907C68E02925170500AADECC /* CardViewNickName.swift */,
				907C68E2292517B200AADECC /* CardViewTitleAndReview.swift */,
				90A55C7C2924BBF60005F56D /* SeSACTitleStackView.swift */,
				907C68E829251DC400AADECC /* MyPageInfoScrollView.swift */,
				907C68E4292519B500AADECC /* MypageInfoHeader.swift */,
			);
			path = View;
			sourceTree = "<group>";
		};
		907636E329203F9100D289AB /* Home */ = {
			isa = PBXGroup;
			children = (
				9082F8DF292A6C790085D4BB /* NearUser */,
				90A8F30C29256654003083C8 /* Search */,
				907C68EA29253B5D00AADECC /* Map */,
			);
			path = Home;
			sourceTree = "<group>";
		};
		907C68EA29253B5D00AADECC /* Map */ = {
			isa = PBXGroup;
			children = (
				90A8F308292548BC003083C8 /* CustomMapView.swift */,
				906612632927608D00320F21 /* HomeMapViewController.swift */,
				906612652927C5E600320F21 /* MapViewModel.swift */,
			);
			path = Map;
			sourceTree = "<group>";
		};
		9082F8DF292A6C790085D4BB /* NearUser */ = {
			isa = PBXGroup;
			children = (
				9082F8E0292A6CC50085D4BB /* TabManViewcontroller.swift */,
			);
			path = NearUser;
			sourceTree = "<group>";
		};
		90A8F30C29256654003083C8 /* Search */ = {
			isa = PBXGroup;
			children = (
				90A8F30A2925664B003083C8 /* SearchView.swift */,
				90A8F30D29256667003083C8 /* SearchViewController.swift */,
				9066125629267A3100320F21 /* SearchCollectionViewCell.swift */,
				9082F8E2292A72200085D4BB /* SearchViewModel.swift */,
				90517259292FBFD000DDBC13 /* DynamicCollectionView + Extension.swift */,
				907E24292931B71600401F1A /* SearchHeader.swift */,
			);
			path = Search;
			sourceTree = "<group>";
		};
		90FD726529218AEE00BB0077 /* Manager */ = {
			isa = PBXGroup;
			children = (
				90FD726629218B4A00BB0077 /* FirebaseManager.swift */,
				9066127A2928A27700320F21 /* APIViewModel.swift */,
			);
			path = Manager;
			sourceTree = "<group>";
		};
		90FD72682922444800BB0077 /* Common */ = {
			isa = PBXGroup;
			children = (
			);
			path = Common;
			sourceTree = "<group>";
		};
		90FD72952922703C00BB0077 /* MyPageInfo */ = {
			isa = PBXGroup;
			children = (
				9066127C2928BBF800320F21 /* SetMyInfoViewModel.swift */,
				90FD72C52923488200BB0077 /* SetMyInfoViewController.swift */,
				906612742928985B00320F21 /* View */,
			);
			path = MyPageInfo;
			sourceTree = "<group>";
		};
		90FD72982922713000BB0077 /* StackViewContView */ = {
			isa = PBXGroup;
			children = (
				90FD72992922714100BB0077 /* MyPageGenderView.swift */,
				90FD729B2922718500BB0077 /* SetFrequentStudyView.swift */,
				90FD729D2922719500BB0077 /* SwitchView.swift */,
				90FD729F292271D100BB0077 /* MatchingAgeView.swift */,
				90FD72A12922721700BB0077 /* SignOutView.swift */,
			);
			path = StackViewContView;
			sourceTree = "<group>";
		};
		90FD72A929227E7400BB0077 /* Fix */ = {
			isa = PBXGroup;
			children = (
				90FD72AC29227F9500BB0077 /* FixedView.swift */,
				90FD72982922713000BB0077 /* StackViewContView */,
			);
			path = Fix;
			sourceTree = "<group>";
		};
		90FD72B729228AF300BB0077 /* Common */ = {
			isa = PBXGroup;
			children = (
				90FD72A729227AF300BB0077 /* Common.swift */,
			);
			path = Common;
			sourceTree = "<group>";
		};
		90FD72C02922C37C00BB0077 /* Slider */ = {
			isa = PBXGroup;
			children = (
				90FD72BA2922B44600BB0077 /* AgeSlider.swift */,
				90FD72BE2922B7C100BB0077 /* UIButtom.swift */,
				90FD72BC2922B78C00BB0077 /* ThumbButton.swift */,
			);
			path = Slider;
			sourceTree = "<group>";
		};
		90FD72D42923FE7C00BB0077 /* MyPageFirst */ = {
			isa = PBXGroup;
			children = (
				90FD72D52923FFD400BB0077 /* MyPageListViewController.swift */,
				90A55C77292418FB0005F56D /* Header.swift */,
				90A55C79292427030005F56D /* MyPageListTableViewCell.swift */,
			);
			path = MyPageFirst;
			sourceTree = "<group>";
		};
		90FE3114291EA8D400C0949E /* ViewModel */ = {
			isa = PBXGroup;
			children = (
				902B1015291B7ABD00D03C0E /* SignInViewModel.swift */,
				9095C4E5291D81770055D1B7 /* PickerViewModel.swift */,
			);
			path = ViewModel;
			sourceTree = "<group>";
		};
		90FE311A291F995400C0949E /* Font */ = {
			isa = PBXGroup;
			children = (
				90FE311B291F996500C0949E /* NotoSansKR-Medium.otf */,
				90FE311C291F996500C0949E /* NotoSansKR-Regular.otf */,
			);
			path = Font;
			sourceTree = "<group>";
		};
/* End PBXGroup section */

/* Begin PBXNativeTarget section */
		902B0FA52918BC1C00D03C0E /* SeSAC_SLP */ = {
			isa = PBXNativeTarget;
			buildConfigurationList = 902B0FBA2918BC2000D03C0E /* Build configuration list for PBXNativeTarget "SeSAC_SLP" */;
			buildPhases = (
				902B0FA22918BC1C00D03C0E /* Sources */,
				902B0FA32918BC1C00D03C0E /* Frameworks */,
				902B0FA42918BC1C00D03C0E /* Resources */,
			);
			buildRules = (
			);
			dependencies = (
			);
			name = SeSAC_SLP;
			packageProductDependencies = (
				902B0FE2291952F700D03C0E /* SnapKit */,
				902B1019291C18D000D03C0E /* Alamofire */,
				902B1029291C542700D03C0E /* FirebaseAnalyticsWithoutAdIdSupport */,
				902B102B291C542700D03C0E /* FirebaseAuth */,
				902B102D291C542700D03C0E /* FirebaseCrashlytics */,
				902B102F291C542700D03C0E /* FirebaseMessaging */,
				90DA96C6291CE03500B5CA76 /* Toast */,
				9066125929275E4A00320F21 /* RxCocoa */,
				9066125B29275E4A00320F21 /* RxSwift */,
				9066125E29275ED100320F21 /* RxCoreLocation */,
				9066126129275F4700320F21 /* RxMKMapView */,
				9082F8E5292ACCAD0085D4BB /* RxKeyboard */,
				90517209292E207400DDBC13 /* RxGesture */,
			);
			productName = SeSAC_SLP;
			productReference = 902B0FA62918BC1C00D03C0E /* SeSAC_SLP.app */;
			productType = "com.apple.product-type.application";
		};
/* End PBXNativeTarget section */

/* Begin PBXProject section */
		902B0F9E2918BC1C00D03C0E /* Project object */ = {
			isa = PBXProject;
			attributes = {
				BuildIndependentTargetsInParallel = 1;
				LastSwiftUpdateCheck = 1400;
				LastUpgradeCheck = 1400;
				TargetAttributes = {
					902B0FA52918BC1C00D03C0E = {
						CreatedOnToolsVersion = 14.0;
					};
				};
			};
			buildConfigurationList = 902B0FA12918BC1C00D03C0E /* Build configuration list for PBXProject "SeSAC_SLP" */;
			compatibilityVersion = "Xcode 14.0";
			developmentRegion = en;
			hasScannedForEncodings = 0;
			knownRegions = (
				en,
				Base,
			);
			mainGroup = 902B0F9D2918BC1C00D03C0E;
			packageReferences = (
				902B0FE1291952F700D03C0E /* XCRemoteSwiftPackageReference "SnapKit" */,
				902B1018291C18D000D03C0E /* XCRemoteSwiftPackageReference "Alamofire" */,
				902B1028291C542700D03C0E /* XCRemoteSwiftPackageReference "firebase-ios-sdk" */,
				90DA96C5291CE03500B5CA76 /* XCRemoteSwiftPackageReference "Toast-Swift" */,
				9066125829275E4A00320F21 /* XCRemoteSwiftPackageReference "RxSwift" */,
				9066125D29275ED100320F21 /* XCRemoteSwiftPackageReference "RxCoreLocation" */,
				9066126029275F4700320F21 /* XCRemoteSwiftPackageReference "RxMKMapView" */,
				9082F8E4292ACCAD0085D4BB /* XCRemoteSwiftPackageReference "RxKeyboard" */,
				90517208292E207400DDBC13 /* XCRemoteSwiftPackageReference "RxGesture" */,
			);
			productRefGroup = 902B0FA72918BC1C00D03C0E /* Products */;
			projectDirPath = "";
			projectRoot = "";
			targets = (
				902B0FA52918BC1C00D03C0E /* SeSAC_SLP */,
			);
		};
/* End PBXProject section */

/* Begin PBXResourcesBuildPhase section */
		902B0FA42918BC1C00D03C0E /* Resources */ = {
			isa = PBXResourcesBuildPhase;
			buildActionMask = 2147483647;
			files = (
				90FE311D291F996500C0949E /* NotoSansKR-Medium.otf in Resources */,
				902B0FBE2918BD0000D03C0E /* .gitignore in Resources */,
				902B0FB62918BC2000D03C0E /* LaunchScreen.storyboard in Resources */,
				9095C4DE291D13730055D1B7 /* GoogleService-Info.plist in Resources */,
				902B0FB32918BC2000D03C0E /* Assets.xcassets in Resources */,
				902B0FB12918BC1C00D03C0E /* Main.storyboard in Resources */,
				90FE311E291F996500C0949E /* NotoSansKR-Regular.otf in Resources */,
			);
			runOnlyForDeploymentPostprocessing = 0;
		};
/* End PBXResourcesBuildPhase section */

/* Begin PBXSourcesBuildPhase section */
		902B0FA22918BC1C00D03C0E /* Sources */ = {
			isa = PBXSourcesBuildPhase;
			buildActionMask = 2147483647;
			files = (
				906612642927608D00320F21 /* HomeMapViewController.swift in Sources */,
				90FD726729218B4A00BB0077 /* FirebaseManager.swift in Sources */,
				9051724B292F6FC400DDBC13 /* CustomTabBarController.swift in Sources */,
				907636E2292030C800D289AB /* IconSet.swift in Sources */,
				90FD72BF2922B7C100BB0077 /* UIButtom.swift in Sources */,
				90661273292800D100320F21 /* CardViewCellVer.swift in Sources */,
				9051725A292FBFD000DDBC13 /* DynamicCollectionView + Extension.swift in Sources */,
				902B1020291C1AF200D03C0E /* Network.swift in Sources */,
				907C68E12925170500AADECC /* CardViewNickName.swift in Sources */,
				9082F8E3292A72200085D4BB /* SearchViewModel.swift in Sources */,
				907E242A2931B71600401F1A /* SearchHeader.swift in Sources */,
				902B0FD9291915FE00D03C0E /* BaseViewController.swift in Sources */,
				902B100D291AB87700D03C0E /* GenderViewController.swift in Sources */,
				902B1009291AB78B00D03C0E /* BirthDayViewController.swift in Sources */,
				9066125729267A3100320F21 /* SearchCollectionViewCell.swift in Sources */,
				902B0FAE2918BC1C00D03C0E /* ViewController.swift in Sources */,
				90A8F30E29256667003083C8 /* SearchViewController.swift in Sources */,
				90A8F30B2925664B003083C8 /* SearchView.swift in Sources */,
				90FD729C2922718500BB0077 /* SetFrequentStudyView.swift in Sources */,
				907C68E3292517B200AADECC /* CardViewTitleAndReview.swift in Sources */,
				907636E72921747E00D289AB /* DelayModel.swift in Sources */,
				90FD72AD29227F9500BB0077 /* FixedView.swift in Sources */,
				906612662927C5E600320F21 /* MapViewModel.swift in Sources */,
				90A8F309292548BC003083C8 /* CustomMapView.swift in Sources */,
				907C68E929251DC400AADECC /* MyPageInfoScrollView.swift in Sources */,
				902B1010291AE9E300D03C0E /* OnboardingViewController.swift in Sources */,
				902B0FEB29196E9B00D03C0E /* Color.swift in Sources */,
				902B1014291AEB1100D03C0E /* ViewControllerList.swift in Sources */,
				902B0FF5291A41DC00D03C0E /* EmailView.swift in Sources */,
				902B1007291AB76600D03C0E /* NicknameViewController.swift in Sources */,
				9051720C292E332900DDBC13 /* BaseScrollView.swift in Sources */,
				90FD72BD2922B78C00BB0077 /* ThumbButton.swift in Sources */,
				90FD72A22922721700BB0077 /* SignOutView.swift in Sources */,
				90FD72D62923FFD400BB0077 /* MyPageListViewController.swift in Sources */,
				907C68E5292519B500AADECC /* MypageInfoHeader.swift in Sources */,
				90FD72A829227AF300BB0077 /* Common.swift in Sources */,
				9082F8E1292A6CC50085D4BB /* TabManViewcontroller.swift in Sources */,
				90FD729A2922714100BB0077 /* MyPageGenderView.swift in Sources */,
				90A55C7A292427030005F56D /* MyPageListTableViewCell.swift in Sources */,
				90517253292F734B00DDBC13 /* Constants.swift in Sources */,
				90FD72BB2922B44600BB0077 /* AgeSlider.swift in Sources */,
				907C68E729251B0400AADECC /* CardView.swift in Sources */,
				90FD729E2922719500BB0077 /* SwitchView.swift in Sources */,
				907636E0291FDA1400D289AB /* LaunchScreenViewController.swift in Sources */,
				9066126F2927FCCC00320F21 /* CardViewTableViewCell.swift in Sources */,
				90AE5C4D292D1B9C00C3C772 /* TestError.swift in Sources */,
				902B0FE5291965BF00D03C0E /* VerificationViewController.swift in Sources */,
				90FD72A42922722400BB0077 /* BaseTableViewCell.swift in Sources */,
				902B0FE029193AFC00D03C0E /* SignUpView.swift in Sources */,
				90FE3116291EAEFA00C0949E /* NWPathMonitor.swift in Sources */,
				902B0FF9291A507D00D03C0E /* Transition.swift in Sources */,
				9095C4E0291D43250055D1B7 /* UserDafaults.swift in Sources */,
				902B0FF7291A461600D03C0E /* GenderView.swift in Sources */,
				906612712927FFBA00320F21 /* CardViewTableViewController.swift in Sources */,
				902B1016291B7ABD00D03C0E /* SignInViewModel.swift in Sources */,
				902B0FAA2918BC1C00D03C0E /* AppDelegate.swift in Sources */,
				90A55C7D2924BBF60005F56D /* SeSACTitleStackView.swift in Sources */,
				90A55C78292418FB0005F56D /* Header.swift in Sources */,
				9066127B2928A27700320F21 /* APIViewModel.swift in Sources */,
				902B0FAC2918BC1C00D03C0E /* SceneDelegate.swift in Sources */,
				9066127D2928BBF800320F21 /* SetMyInfoViewModel.swift in Sources */,
				902B0FE7291965DE00D03C0E /* VerifrcationView.swift in Sources */,
				902B100B291AB85D00D03C0E /* EmailViewController.swift in Sources */,
				902B0FED29196EA900D03C0E /* UILabel.swift in Sources */,
				907636E92921783000D289AB /* SetInitialViewController.swift in Sources */,
				90517251292F711E00DDBC13 /* ChatiViewController.swift in Sources */,
				90517258292F9ADB00DDBC13 /* BaseCollectionViewCell.swift in Sources */,
				902B0FDD29193A0F00D03C0E /* SignInViewController.swift in Sources */,
				902B0FE92919665500D03C0E /* Enum.swift in Sources */,
				902B0FD72918FEBE00D03C0E /* BaseView.swift in Sources */,
				90FE3118291EB8AF00C0949E /* NoNetWorkView.swift in Sources */,
				90FD72A0292271D100BB0077 /* MatchingAgeView.swift in Sources */,
				9095C4E4291D554C0055D1B7 /* DateFormatter.swift in Sources */,
				9051724E292F70AD00DDBC13 /* ShopViewController.swift in Sources */,
				90FD72622921849900BB0077 /* Error.swift in Sources */,
				90FD7264292187AF00BB0077 /* CautionModel.swift in Sources */,
				9095C4E6291D81770055D1B7 /* PickerViewModel.swift in Sources */,
				902B101C291C1A0000D03C0E /* APIService.swift in Sources */,
				90FD72C22922D95500BB0077 /* UIImage.swift in Sources */,
				902B0FEF291A15E500D03C0E /* PickerView.swift in Sources */,
				902B101E291C1A8E00D03C0E /* Endpoint.swift in Sources */,
				90FD72C62923488200BB0077 /* SetMyInfoViewController.swift in Sources */,
			);
			runOnlyForDeploymentPostprocessing = 0;
		};
/* End PBXSourcesBuildPhase section */

/* Begin PBXVariantGroup section */
		902B0FAF2918BC1C00D03C0E /* Main.storyboard */ = {
			isa = PBXVariantGroup;
			children = (
				902B0FB02918BC1C00D03C0E /* Base */,
			);
			name = Main.storyboard;
			sourceTree = "<group>";
		};
		902B0FB42918BC2000D03C0E /* LaunchScreen.storyboard */ = {
			isa = PBXVariantGroup;
			children = (
				902B0FB52918BC2000D03C0E /* Base */,
			);
			name = LaunchScreen.storyboard;
			sourceTree = "<group>";
		};
/* End PBXVariantGroup section */

/* Begin XCBuildConfiguration section */
		902B0FB82918BC2000D03C0E /* Debug */ = {
			isa = XCBuildConfiguration;
			buildSettings = {
				ALWAYS_SEARCH_USER_PATHS = NO;
				CLANG_ANALYZER_NONNULL = YES;
				CLANG_ANALYZER_NUMBER_OBJECT_CONVERSION = YES_AGGRESSIVE;
				CLANG_CXX_LANGUAGE_STANDARD = "gnu++20";
				CLANG_ENABLE_MODULES = YES;
				CLANG_ENABLE_OBJC_ARC = YES;
				CLANG_ENABLE_OBJC_WEAK = YES;
				CLANG_WARN_BLOCK_CAPTURE_AUTORELEASING = YES;
				CLANG_WARN_BOOL_CONVERSION = YES;
				CLANG_WARN_COMMA = YES;
				CLANG_WARN_CONSTANT_CONVERSION = YES;
				CLANG_WARN_DEPRECATED_OBJC_IMPLEMENTATIONS = YES;
				CLANG_WARN_DIRECT_OBJC_ISA_USAGE = YES_ERROR;
				CLANG_WARN_DOCUMENTATION_COMMENTS = YES;
				CLANG_WARN_EMPTY_BODY = YES;
				CLANG_WARN_ENUM_CONVERSION = YES;
				CLANG_WARN_INFINITE_RECURSION = YES;
				CLANG_WARN_INT_CONVERSION = YES;
				CLANG_WARN_NON_LITERAL_NULL_CONVERSION = YES;
				CLANG_WARN_OBJC_IMPLICIT_RETAIN_SELF = YES;
				CLANG_WARN_OBJC_LITERAL_CONVERSION = YES;
				CLANG_WARN_OBJC_ROOT_CLASS = YES_ERROR;
				CLANG_WARN_QUOTED_INCLUDE_IN_FRAMEWORK_HEADER = YES;
				CLANG_WARN_RANGE_LOOP_ANALYSIS = YES;
				CLANG_WARN_STRICT_PROTOTYPES = YES;
				CLANG_WARN_SUSPICIOUS_MOVE = YES;
				CLANG_WARN_UNGUARDED_AVAILABILITY = YES_AGGRESSIVE;
				CLANG_WARN_UNREACHABLE_CODE = YES;
				CLANG_WARN__DUPLICATE_METHOD_MATCH = YES;
				COPY_PHASE_STRIP = NO;
				DEBUG_INFORMATION_FORMAT = dwarf;
				ENABLE_STRICT_OBJC_MSGSEND = YES;
				ENABLE_TESTABILITY = YES;
				GCC_C_LANGUAGE_STANDARD = gnu11;
				GCC_DYNAMIC_NO_PIC = NO;
				GCC_NO_COMMON_BLOCKS = YES;
				GCC_OPTIMIZATION_LEVEL = 0;
				GCC_PREPROCESSOR_DEFINITIONS = (
					"DEBUG=1",
					"$(inherited)",
				);
				GCC_WARN_64_TO_32_BIT_CONVERSION = YES;
				GCC_WARN_ABOUT_RETURN_TYPE = YES_ERROR;
				GCC_WARN_UNDECLARED_SELECTOR = YES;
				GCC_WARN_UNINITIALIZED_AUTOS = YES_AGGRESSIVE;
				GCC_WARN_UNUSED_FUNCTION = YES;
				GCC_WARN_UNUSED_VARIABLE = YES;
				IPHONEOS_DEPLOYMENT_TARGET = 15.0;
				MTL_ENABLE_DEBUG_INFO = INCLUDE_SOURCE;
				MTL_FAST_MATH = YES;
				ONLY_ACTIVE_ARCH = YES;
				SDKROOT = iphoneos;
				SWIFT_ACTIVE_COMPILATION_CONDITIONS = DEBUG;
				SWIFT_OPTIMIZATION_LEVEL = "-Onone";
			};
			name = Debug;
		};
		902B0FB92918BC2000D03C0E /* Release */ = {
			isa = XCBuildConfiguration;
			buildSettings = {
				ALWAYS_SEARCH_USER_PATHS = NO;
				CLANG_ANALYZER_NONNULL = YES;
				CLANG_ANALYZER_NUMBER_OBJECT_CONVERSION = YES_AGGRESSIVE;
				CLANG_CXX_LANGUAGE_STANDARD = "gnu++20";
				CLANG_ENABLE_MODULES = YES;
				CLANG_ENABLE_OBJC_ARC = YES;
				CLANG_ENABLE_OBJC_WEAK = YES;
				CLANG_WARN_BLOCK_CAPTURE_AUTORELEASING = YES;
				CLANG_WARN_BOOL_CONVERSION = YES;
				CLANG_WARN_COMMA = YES;
				CLANG_WARN_CONSTANT_CONVERSION = YES;
				CLANG_WARN_DEPRECATED_OBJC_IMPLEMENTATIONS = YES;
				CLANG_WARN_DIRECT_OBJC_ISA_USAGE = YES_ERROR;
				CLANG_WARN_DOCUMENTATION_COMMENTS = YES;
				CLANG_WARN_EMPTY_BODY = YES;
				CLANG_WARN_ENUM_CONVERSION = YES;
				CLANG_WARN_INFINITE_RECURSION = YES;
				CLANG_WARN_INT_CONVERSION = YES;
				CLANG_WARN_NON_LITERAL_NULL_CONVERSION = YES;
				CLANG_WARN_OBJC_IMPLICIT_RETAIN_SELF = YES;
				CLANG_WARN_OBJC_LITERAL_CONVERSION = YES;
				CLANG_WARN_OBJC_ROOT_CLASS = YES_ERROR;
				CLANG_WARN_QUOTED_INCLUDE_IN_FRAMEWORK_HEADER = YES;
				CLANG_WARN_RANGE_LOOP_ANALYSIS = YES;
				CLANG_WARN_STRICT_PROTOTYPES = YES;
				CLANG_WARN_SUSPICIOUS_MOVE = YES;
				CLANG_WARN_UNGUARDED_AVAILABILITY = YES_AGGRESSIVE;
				CLANG_WARN_UNREACHABLE_CODE = YES;
				CLANG_WARN__DUPLICATE_METHOD_MATCH = YES;
				COPY_PHASE_STRIP = NO;
				DEBUG_INFORMATION_FORMAT = "dwarf-with-dsym";
				ENABLE_NS_ASSERTIONS = NO;
				ENABLE_STRICT_OBJC_MSGSEND = YES;
				GCC_C_LANGUAGE_STANDARD = gnu11;
				GCC_NO_COMMON_BLOCKS = YES;
				GCC_WARN_64_TO_32_BIT_CONVERSION = YES;
				GCC_WARN_ABOUT_RETURN_TYPE = YES_ERROR;
				GCC_WARN_UNDECLARED_SELECTOR = YES;
				GCC_WARN_UNINITIALIZED_AUTOS = YES_AGGRESSIVE;
				GCC_WARN_UNUSED_FUNCTION = YES;
				GCC_WARN_UNUSED_VARIABLE = YES;
				IPHONEOS_DEPLOYMENT_TARGET = 15.0;
				MTL_ENABLE_DEBUG_INFO = NO;
				MTL_FAST_MATH = YES;
				SDKROOT = iphoneos;
				SWIFT_COMPILATION_MODE = wholemodule;
				SWIFT_OPTIMIZATION_LEVEL = "-O";
				VALIDATE_PRODUCT = YES;
			};
			name = Release;
		};
		902B0FBB2918BC2000D03C0E /* Debug */ = {
			isa = XCBuildConfiguration;
			buildSettings = {
				ASSETCATALOG_COMPILER_APPICON_NAME = AppIcon;
				ASSETCATALOG_COMPILER_GLOBAL_ACCENT_COLOR_NAME = AccentColor;
				CODE_SIGN_ENTITLEMENTS = SeSAC_SLP/SeSAC_SLP.entitlements;
				CODE_SIGN_IDENTITY = "Apple Development";
				CODE_SIGN_STYLE = Automatic;
				CURRENT_PROJECT_VERSION = 1;
				DEVELOPMENT_TEAM = V8L83798C5;
				GENERATE_INFOPLIST_FILE = YES;
				INFOPLIST_FILE = SeSAC_SLP/Info.plist;
				INFOPLIST_KEY_UIApplicationSupportsIndirectInputEvents = YES;
				INFOPLIST_KEY_UILaunchStoryboardName = LaunchScreen;
				INFOPLIST_KEY_UIMainStoryboardFile = Main;
				INFOPLIST_KEY_UISupportedInterfaceOrientations = UIInterfaceOrientationPortrait;
				INFOPLIST_KEY_UISupportedInterfaceOrientations_iPad = "UIInterfaceOrientationLandscapeLeft UIInterfaceOrientationLandscapeRight UIInterfaceOrientationPortrait UIInterfaceOrientationPortraitUpsideDown";
				IPHONEOS_DEPLOYMENT_TARGET = 15.0;
				LD_RUNPATH_SEARCH_PATHS = (
					"$(inherited)",
					"@executable_path/Frameworks",
				);
				MARKETING_VERSION = 1.0;
				PRODUCT_BUNDLE_IDENTIFIER = com.memolease.sesacslp;
				PRODUCT_NAME = "$(TARGET_NAME)";
				PROVISIONING_PROFILE_SPECIFIER = "";
				SUPPORTED_PLATFORMS = "iphoneos iphonesimulator";
				SUPPORTS_MACCATALYST = NO;
				SUPPORTS_MAC_DESIGNED_FOR_IPHONE_IPAD = NO;
				SWIFT_EMIT_LOC_STRINGS = YES;
				SWIFT_VERSION = 5.0;
				TARGETED_DEVICE_FAMILY = 1;
			};
			name = Debug;
		};
		902B0FBC2918BC2000D03C0E /* Release */ = {
			isa = XCBuildConfiguration;
			buildSettings = {
				ASSETCATALOG_COMPILER_APPICON_NAME = AppIcon;
				ASSETCATALOG_COMPILER_GLOBAL_ACCENT_COLOR_NAME = AccentColor;
				CODE_SIGN_ENTITLEMENTS = SeSAC_SLP/SeSAC_SLP.entitlements;
				CODE_SIGN_IDENTITY = "Apple Development";
				CODE_SIGN_STYLE = Automatic;
				CURRENT_PROJECT_VERSION = 1;
				DEVELOPMENT_TEAM = V8L83798C5;
				GENERATE_INFOPLIST_FILE = YES;
				INFOPLIST_FILE = SeSAC_SLP/Info.plist;
				INFOPLIST_KEY_UIApplicationSupportsIndirectInputEvents = YES;
				INFOPLIST_KEY_UILaunchStoryboardName = LaunchScreen;
				INFOPLIST_KEY_UIMainStoryboardFile = Main;
				INFOPLIST_KEY_UISupportedInterfaceOrientations = UIInterfaceOrientationPortrait;
				INFOPLIST_KEY_UISupportedInterfaceOrientations_iPad = "UIInterfaceOrientationLandscapeLeft UIInterfaceOrientationLandscapeRight UIInterfaceOrientationPortrait UIInterfaceOrientationPortraitUpsideDown";
				IPHONEOS_DEPLOYMENT_TARGET = 15.0;
				LD_RUNPATH_SEARCH_PATHS = (
					"$(inherited)",
					"@executable_path/Frameworks",
				);
				MARKETING_VERSION = 1.0;
				PRODUCT_BUNDLE_IDENTIFIER = com.memolease.sesacslp;
				PRODUCT_NAME = "$(TARGET_NAME)";
				PROVISIONING_PROFILE_SPECIFIER = "";
				SUPPORTED_PLATFORMS = "iphoneos iphonesimulator";
				SUPPORTS_MACCATALYST = NO;
				SUPPORTS_MAC_DESIGNED_FOR_IPHONE_IPAD = NO;
				SWIFT_EMIT_LOC_STRINGS = YES;
				SWIFT_VERSION = 5.0;
				TARGETED_DEVICE_FAMILY = 1;
			};
			name = Release;
		};
/* End XCBuildConfiguration section */

/* Begin XCConfigurationList section */
		902B0FA12918BC1C00D03C0E /* Build configuration list for PBXProject "SeSAC_SLP" */ = {
			isa = XCConfigurationList;
			buildConfigurations = (
				902B0FB82918BC2000D03C0E /* Debug */,
				902B0FB92918BC2000D03C0E /* Release */,
			);
			defaultConfigurationIsVisible = 0;
			defaultConfigurationName = Release;
		};
		902B0FBA2918BC2000D03C0E /* Build configuration list for PBXNativeTarget "SeSAC_SLP" */ = {
			isa = XCConfigurationList;
			buildConfigurations = (
				902B0FBB2918BC2000D03C0E /* Debug */,
				902B0FBC2918BC2000D03C0E /* Release */,
			);
			defaultConfigurationIsVisible = 0;
			defaultConfigurationName = Release;
		};
/* End XCConfigurationList section */

/* Begin XCRemoteSwiftPackageReference section */
		902B0FE1291952F700D03C0E /* XCRemoteSwiftPackageReference "SnapKit" */ = {
			isa = XCRemoteSwiftPackageReference;
			repositoryURL = "https://github.com/SnapKit/SnapKit.git";
			requirement = {
				kind = upToNextMajorVersion;
				minimumVersion = 5.0.0;
			};
		};
		902B1018291C18D000D03C0E /* XCRemoteSwiftPackageReference "Alamofire" */ = {
			isa = XCRemoteSwiftPackageReference;
			repositoryURL = "https://github.com/Alamofire/Alamofire.git";
			requirement = {
				kind = upToNextMajorVersion;
				minimumVersion = 5.0.0;
			};
		};
		902B1028291C542700D03C0E /* XCRemoteSwiftPackageReference "firebase-ios-sdk" */ = {
			isa = XCRemoteSwiftPackageReference;
			repositoryURL = "https://github.com/firebase/firebase-ios-sdk";
			requirement = {
				kind = upToNextMajorVersion;
				minimumVersion = 9.0.0;
			};
		};
		90517208292E207400DDBC13 /* XCRemoteSwiftPackageReference "RxGesture" */ = {
			isa = XCRemoteSwiftPackageReference;
			repositoryURL = "https://github.com/RxSwiftCommunity/RxGesture.git";
			requirement = {
				kind = upToNextMajorVersion;
				minimumVersion = 4.0.0;
			};
		};
		9066125829275E4A00320F21 /* XCRemoteSwiftPackageReference "RxSwift" */ = {
			isa = XCRemoteSwiftPackageReference;
			repositoryURL = "https://github.com/ReactiveX/RxSwift.git";
			requirement = {
				kind = upToNextMajorVersion;
				minimumVersion = 6.5.0;
			};
		};
		9066125D29275ED100320F21 /* XCRemoteSwiftPackageReference "RxCoreLocation" */ = {
			isa = XCRemoteSwiftPackageReference;
			repositoryURL = "https://github.com/RxSwiftCommunity/RxCoreLocation.git";
			requirement = {
				kind = upToNextMajorVersion;
				minimumVersion = 1.5.1;
			};
		};
		9066126029275F4700320F21 /* XCRemoteSwiftPackageReference "RxMKMapView" */ = {
			isa = XCRemoteSwiftPackageReference;
			repositoryURL = "https://github.com/RxSwiftCommunity/RxMKMapView.git";
			requirement = {
				kind = upToNextMajorVersion;
				minimumVersion = 6.0.1;
			};
		};
		9082F8E4292ACCAD0085D4BB /* XCRemoteSwiftPackageReference "RxKeyboard" */ = {
			isa = XCRemoteSwiftPackageReference;
			repositoryURL = "https://github.com/RxSwiftCommunity/RxKeyboard.git";
			requirement = {
				kind = upToNextMajorVersion;
				minimumVersion = 2.0.0;
			};
		};
		90DA96C5291CE03500B5CA76 /* XCRemoteSwiftPackageReference "Toast-Swift" */ = {
			isa = XCRemoteSwiftPackageReference;
			repositoryURL = "https://github.com/scalessec/Toast-Swift.git";
			requirement = {
				kind = upToNextMajorVersion;
				minimumVersion = 5.0.0;
			};
		};
/* End XCRemoteSwiftPackageReference section */

/* Begin XCSwiftPackageProductDependency section */
		902B0FE2291952F700D03C0E /* SnapKit */ = {
			isa = XCSwiftPackageProductDependency;
			package = 902B0FE1291952F700D03C0E /* XCRemoteSwiftPackageReference "SnapKit" */;
			productName = SnapKit;
		};
		902B1019291C18D000D03C0E /* Alamofire */ = {
			isa = XCSwiftPackageProductDependency;
			package = 902B1018291C18D000D03C0E /* XCRemoteSwiftPackageReference "Alamofire" */;
			productName = Alamofire;
		};
		902B1029291C542700D03C0E /* FirebaseAnalyticsWithoutAdIdSupport */ = {
			isa = XCSwiftPackageProductDependency;
			package = 902B1028291C542700D03C0E /* XCRemoteSwiftPackageReference "firebase-ios-sdk" */;
			productName = FirebaseAnalyticsWithoutAdIdSupport;
		};
		902B102B291C542700D03C0E /* FirebaseAuth */ = {
			isa = XCSwiftPackageProductDependency;
			package = 902B1028291C542700D03C0E /* XCRemoteSwiftPackageReference "firebase-ios-sdk" */;
			productName = FirebaseAuth;
		};
		902B102D291C542700D03C0E /* FirebaseCrashlytics */ = {
			isa = XCSwiftPackageProductDependency;
			package = 902B1028291C542700D03C0E /* XCRemoteSwiftPackageReference "firebase-ios-sdk" */;
			productName = FirebaseCrashlytics;
		};
		902B102F291C542700D03C0E /* FirebaseMessaging */ = {
			isa = XCSwiftPackageProductDependency;
			package = 902B1028291C542700D03C0E /* XCRemoteSwiftPackageReference "firebase-ios-sdk" */;
			productName = FirebaseMessaging;
		};
		90517209292E207400DDBC13 /* RxGesture */ = {
			isa = XCSwiftPackageProductDependency;
			package = 90517208292E207400DDBC13 /* XCRemoteSwiftPackageReference "RxGesture" */;
			productName = RxGesture;
		};
		9066125929275E4A00320F21 /* RxCocoa */ = {
			isa = XCSwiftPackageProductDependency;
			package = 9066125829275E4A00320F21 /* XCRemoteSwiftPackageReference "RxSwift" */;
			productName = RxCocoa;
		};
		9066125B29275E4A00320F21 /* RxSwift */ = {
			isa = XCSwiftPackageProductDependency;
			package = 9066125829275E4A00320F21 /* XCRemoteSwiftPackageReference "RxSwift" */;
			productName = RxSwift;
		};
		9066125E29275ED100320F21 /* RxCoreLocation */ = {
			isa = XCSwiftPackageProductDependency;
			package = 9066125D29275ED100320F21 /* XCRemoteSwiftPackageReference "RxCoreLocation" */;
			productName = RxCoreLocation;
		};
		9066126129275F4700320F21 /* RxMKMapView */ = {
			isa = XCSwiftPackageProductDependency;
			package = 9066126029275F4700320F21 /* XCRemoteSwiftPackageReference "RxMKMapView" */;
			productName = RxMKMapView;
		};
		9082F8E5292ACCAD0085D4BB /* RxKeyboard */ = {
			isa = XCSwiftPackageProductDependency;
			package = 9082F8E4292ACCAD0085D4BB /* XCRemoteSwiftPackageReference "RxKeyboard" */;
			productName = RxKeyboard;
		};
		90DA96C6291CE03500B5CA76 /* Toast */ = {
			isa = XCSwiftPackageProductDependency;
			package = 90DA96C5291CE03500B5CA76 /* XCRemoteSwiftPackageReference "Toast-Swift" */;
			productName = Toast;
		};
/* End XCSwiftPackageProductDependency section */
	};
	rootObject = 902B0F9E2918BC1C00D03C0E /* Project object */;
}
